// !$*UTF8*$!
{
	archiveVersion = 1;
	classes = {
	};
	objectVersion = 46;
	objects = {

/* Begin PBXBuildFile section */
		FF0807FC1EE1217000A2F89F /* AudioKit.framework.dSYM in Resources */ = {isa = PBXBuildFile; fileRef = FF0807FA1EE1217000A2F89F /* AudioKit.framework.dSYM */; };
		FF0808001EE121E200A2F89F /* AudioKit.framework in Frameworks */ = {isa = PBXBuildFile; fileRef = FF0807F91EE1217000A2F89F /* AudioKit.framework */; };
		FF0808011EE121E200A2F89F /* AudioKit.framework in Embed Frameworks */ = {isa = PBXBuildFile; fileRef = FF0807F91EE1217000A2F89F /* AudioKit.framework */; settings = {ATTRIBUTES = (CodeSignOnCopy, RemoveHeadersOnCopy, ); }; };
		FF58A2831EE100F100402855 /* AppDelegate.swift in Sources */ = {isa = PBXBuildFile; fileRef = FF58A2821EE100F100402855 /* AppDelegate.swift */; };
		FF58A2851EE100F100402855 /* MainViewController.swift in Sources */ = {isa = PBXBuildFile; fileRef = FF58A2841EE100F100402855 /* MainViewController.swift */; };
		FF58A2881EE100F100402855 /* Main.storyboard in Resources */ = {isa = PBXBuildFile; fileRef = FF58A2861EE100F100402855 /* Main.storyboard */; };
		FF58A28A1EE100F100402855 /* Assets.xcassets in Resources */ = {isa = PBXBuildFile; fileRef = FF58A2891EE100F100402855 /* Assets.xcassets */; };
		FF58A28D1EE100F100402855 /* LaunchScreen.storyboard in Resources */ = {isa = PBXBuildFile; fileRef = FF58A28B1EE100F100402855 /* LaunchScreen.storyboard */; };
		FF58A2981EE100F100402855 /* SynthtronTests.swift in Sources */ = {isa = PBXBuildFile; fileRef = FF58A2971EE100F100402855 /* SynthtronTests.swift */; };
		FF989A3D1EE1179C00D1148B /* UIColor+Extensions.swift in Sources */ = {isa = PBXBuildFile; fileRef = FF989A3C1EE1179C00D1148B /* UIColor+Extensions.swift */; };
		FFF5CCDA1EE63ED5007D39C3 /* RobotoMono-Medium.ttf in Resources */ = {isa = PBXBuildFile; fileRef = FFF5CCD91EE63ED5007D39C3 /* RobotoMono-Medium.ttf */; };
		FFF5CCDC1EE64658007D39C3 /* RobotoMono-Bold.ttf in Resources */ = {isa = PBXBuildFile; fileRef = FFF5CCDB1EE64658007D39C3 /* RobotoMono-Bold.ttf */; };
		FFFA8AC41EE23134003E7093 /* KeyboardView.swift in Sources */ = {isa = PBXBuildFile; fileRef = FFFA8AC31EE23134003E7093 /* KeyboardView.swift */; };
/* End PBXBuildFile section */

/* Begin PBXContainerItemProxy section */
		FF58A2941EE100F100402855 /* PBXContainerItemProxy */ = {
			isa = PBXContainerItemProxy;
			containerPortal = FF58A2771EE100F000402855 /* Project object */;
			proxyType = 1;
			remoteGlobalIDString = FF58A27E1EE100F000402855;
			remoteInfo = Synthtron;
		};
/* End PBXContainerItemProxy section */

/* Begin PBXCopyFilesBuildPhase section */
		FF0808021EE121E200A2F89F /* Embed Frameworks */ = {
			isa = PBXCopyFilesBuildPhase;
			buildActionMask = 2147483647;
			dstPath = "";
			dstSubfolderSpec = 10;
			files = (
				FF0808011EE121E200A2F89F /* AudioKit.framework in Embed Frameworks */,
			);
			name = "Embed Frameworks";
			runOnlyForDeploymentPostprocessing = 0;
		};
/* End PBXCopyFilesBuildPhase section */

/* Begin PBXFileReference section */
		FF0807F91EE1217000A2F89F /* AudioKit.framework */ = {isa = PBXFileReference; lastKnownFileType = wrapper.framework; path = AudioKit.framework; sourceTree = "<group>"; };
		FF0807FA1EE1217000A2F89F /* AudioKit.framework.dSYM */ = {isa = PBXFileReference; lastKnownFileType = wrapper.dsym; path = AudioKit.framework.dSYM; sourceTree = "<group>"; };
		FF0897BB1EE231D30020C73F /* MyPlayground.playground */ = {isa = PBXFileReference; lastKnownFileType = file.playground; path = MyPlayground.playground; sourceTree = "<group>"; };
		FF58A27F1EE100F000402855 /* Synthtron.app */ = {isa = PBXFileReference; explicitFileType = wrapper.application; includeInIndex = 0; path = Synthtron.app; sourceTree = BUILT_PRODUCTS_DIR; };
		FF58A2821EE100F100402855 /* AppDelegate.swift */ = {isa = PBXFileReference; lastKnownFileType = sourcecode.swift; path = AppDelegate.swift; sourceTree = "<group>"; };
		FF58A2841EE100F100402855 /* MainViewController.swift */ = {isa = PBXFileReference; lastKnownFileType = sourcecode.swift; path = MainViewController.swift; sourceTree = "<group>"; };
		FF58A2871EE100F100402855 /* Base */ = {isa = PBXFileReference; lastKnownFileType = file.storyboard; name = Base; path = Base.lproj/Main.storyboard; sourceTree = "<group>"; };
		FF58A2891EE100F100402855 /* Assets.xcassets */ = {isa = PBXFileReference; lastKnownFileType = folder.assetcatalog; path = Assets.xcassets; sourceTree = "<group>"; };
		FF58A28C1EE100F100402855 /* Base */ = {isa = PBXFileReference; lastKnownFileType = file.storyboard; name = Base; path = Base.lproj/LaunchScreen.storyboard; sourceTree = "<group>"; };
		FF58A28E1EE100F100402855 /* Info.plist */ = {isa = PBXFileReference; lastKnownFileType = text.plist.xml; path = Info.plist; sourceTree = "<group>"; };
		FF58A2931EE100F100402855 /* SynthtronTests.xctest */ = {isa = PBXFileReference; explicitFileType = wrapper.cfbundle; includeInIndex = 0; path = SynthtronTests.xctest; sourceTree = BUILT_PRODUCTS_DIR; };
		FF58A2971EE100F100402855 /* SynthtronTests.swift */ = {isa = PBXFileReference; lastKnownFileType = sourcecode.swift; path = SynthtronTests.swift; sourceTree = "<group>"; };
		FF58A2991EE100F100402855 /* Info.plist */ = {isa = PBXFileReference; lastKnownFileType = text.plist.xml; path = Info.plist; sourceTree = "<group>"; };
		FF989A3C1EE1179C00D1148B /* UIColor+Extensions.swift */ = {isa = PBXFileReference; fileEncoding = 4; lastKnownFileType = sourcecode.swift; path = "UIColor+Extensions.swift"; sourceTree = "<group>"; };
		FFF5CCD91EE63ED5007D39C3 /* RobotoMono-Medium.ttf */ = {isa = PBXFileReference; lastKnownFileType = file; path = "RobotoMono-Medium.ttf"; sourceTree = "<group>"; };
		FFF5CCDB1EE64658007D39C3 /* RobotoMono-Bold.ttf */ = {isa = PBXFileReference; lastKnownFileType = file; path = "RobotoMono-Bold.ttf"; sourceTree = "<group>"; };
		FFFA8AC31EE23134003E7093 /* KeyboardView.swift */ = {isa = PBXFileReference; fileEncoding = 4; lastKnownFileType = sourcecode.swift; path = KeyboardView.swift; sourceTree = "<group>"; };
/* End PBXFileReference section */

/* Begin PBXFrameworksBuildPhase section */
		FF58A27C1EE100F000402855 /* Frameworks */ = {
			isa = PBXFrameworksBuildPhase;
			buildActionMask = 2147483647;
			files = (
				FF0808001EE121E200A2F89F /* AudioKit.framework in Frameworks */,
			);
			runOnlyForDeploymentPostprocessing = 0;
		};
		FF58A2901EE100F100402855 /* Frameworks */ = {
			isa = PBXFrameworksBuildPhase;
			buildActionMask = 2147483647;
			files = (
			);
			runOnlyForDeploymentPostprocessing = 0;
		};
/* End PBXFrameworksBuildPhase section */

/* Begin PBXGroup section */
		FF0807F71EE1215100A2F89F /* Libraries */ = {
			isa = PBXGroup;
			children = (
				FF0807F81EE1217000A2F89F /* AudioKit */,
			);
			name = Libraries;
			path = ../Libraries;
			sourceTree = "<group>";
		};
		FF0807F81EE1217000A2F89F /* AudioKit */ = {
			isa = PBXGroup;
			children = (
				FF0807F91EE1217000A2F89F /* AudioKit.framework */,
				FF0807FA1EE1217000A2F89F /* AudioKit.framework.dSYM */,
			);
			path = AudioKit;
			sourceTree = "<group>";
		};
		FF58A2761EE100F000402855 = {
			isa = PBXGroup;
			children = (
				FF58A2811EE100F000402855 /* Synthtron */,
				FF58A2961EE100F100402855 /* SynthtronTests */,
				FF58A2801EE100F000402855 /* Products */,
			);
			sourceTree = "<group>";
		};
		FF58A2801EE100F000402855 /* Products */ = {
			isa = PBXGroup;
			children = (
				FF58A27F1EE100F000402855 /* Synthtron.app */,
				FF58A2931EE100F100402855 /* SynthtronTests.xctest */,
			);
			name = Products;
			sourceTree = "<group>";
		};
		FF58A2811EE100F000402855 /* Synthtron */ = {
			isa = PBXGroup;
			children = (
				FF0897BB1EE231D30020C73F /* MyPlayground.playground */,
				FF0807F71EE1215100A2F89F /* Libraries */,
				FF989A3B1EE1177D00D1148B /* Extensions */,
				FF989A371EE1164C00D1148B /* Views */,
				FF989A381EE1165000D1148B /* ViewControllers */,
				FF58A2821EE100F100402855 /* AppDelegate.swift */,
				FF58A2861EE100F100402855 /* Main.storyboard */,
				FF58A2891EE100F100402855 /* Assets.xcassets */,
				FFF5CCD91EE63ED5007D39C3 /* RobotoMono-Medium.ttf */,
				FFF5CCDB1EE64658007D39C3 /* RobotoMono-Bold.ttf */,
				FF58A28B1EE100F100402855 /* LaunchScreen.storyboard */,
				FF58A28E1EE100F100402855 /* Info.plist */,
			);
			path = Synthtron;
			sourceTree = "<group>";
		};
		FF58A2961EE100F100402855 /* SynthtronTests */ = {
			isa = PBXGroup;
			children = (
				FF58A2971EE100F100402855 /* SynthtronTests.swift */,
				FF58A2991EE100F100402855 /* Info.plist */,
			);
			path = SynthtronTests;
			sourceTree = "<group>";
		};
		FF989A371EE1164C00D1148B /* Views */ = {
			isa = PBXGroup;
			children = (
				FFFA8AC31EE23134003E7093 /* KeyboardView.swift */,
			);
			path = Views;
			sourceTree = "<group>";
		};
		FF989A381EE1165000D1148B /* ViewControllers */ = {
			isa = PBXGroup;
			children = (
				FF58A2841EE100F100402855 /* MainViewController.swift */,
			);
			path = ViewControllers;
			sourceTree = "<group>";
		};
		FF989A3B1EE1177D00D1148B /* Extensions */ = {
			isa = PBXGroup;
			children = (
				FF989A3C1EE1179C00D1148B /* UIColor+Extensions.swift */,
			);
			path = Extensions;
			sourceTree = "<group>";
		};
/* End PBXGroup section */

/* Begin PBXNativeTarget section */
		FF58A27E1EE100F000402855 /* Synthtron */ = {
			isa = PBXNativeTarget;
			buildConfigurationList = FF58A29C1EE100F100402855 /* Build configuration list for PBXNativeTarget "Synthtron" */;
			buildPhases = (
				FF58A27B1EE100F000402855 /* Sources */,
				FF58A27C1EE100F000402855 /* Frameworks */,
				FF58A27D1EE100F000402855 /* Resources */,
				FF0808021EE121E200A2F89F /* Embed Frameworks */,
			);
			buildRules = (
			);
			dependencies = (
			);
			name = Synthtron;
			productName = Synthtron;
			productReference = FF58A27F1EE100F000402855 /* Synthtron.app */;
			productType = "com.apple.product-type.application";
		};
		FF58A2921EE100F100402855 /* SynthtronTests */ = {
			isa = PBXNativeTarget;
			buildConfigurationList = FF58A29F1EE100F100402855 /* Build configuration list for PBXNativeTarget "SynthtronTests" */;
			buildPhases = (
				FF58A28F1EE100F100402855 /* Sources */,
				FF58A2901EE100F100402855 /* Frameworks */,
				FF58A2911EE100F100402855 /* Resources */,
			);
			buildRules = (
			);
			dependencies = (
				FF58A2951EE100F100402855 /* PBXTargetDependency */,
			);
			name = SynthtronTests;
			productName = SynthtronTests;
			productReference = FF58A2931EE100F100402855 /* SynthtronTests.xctest */;
			productType = "com.apple.product-type.bundle.unit-test";
		};
/* End PBXNativeTarget section */

/* Begin PBXProject section */
		FF58A2771EE100F000402855 /* Project object */ = {
			isa = PBXProject;
			attributes = {
				LastSwiftUpdateCheck = 0830;
				LastUpgradeCheck = 0830;
				ORGANIZATIONNAME = Pixite;
				TargetAttributes = {
					FF58A27E1EE100F000402855 = {
						CreatedOnToolsVersion = 8.3.2;
						DevelopmentTeam = 3D926V5A83;
						ProvisioningStyle = Automatic;
					};
					FF58A2921EE100F100402855 = {
						CreatedOnToolsVersion = 8.3.2;
						DevelopmentTeam = 3D926V5A83;
						ProvisioningStyle = Automatic;
						TestTargetID = FF58A27E1EE100F000402855;
					};
				};
			};
			buildConfigurationList = FF58A27A1EE100F000402855 /* Build configuration list for PBXProject "Synthtron" */;
			compatibilityVersion = "Xcode 3.2";
			developmentRegion = English;
			hasScannedForEncodings = 0;
			knownRegions = (
				en,
				Base,
			);
			mainGroup = FF58A2761EE100F000402855;
			productRefGroup = FF58A2801EE100F000402855 /* Products */;
			projectDirPath = "";
			projectRoot = "";
			targets = (
				FF58A27E1EE100F000402855 /* Synthtron */,
				FF58A2921EE100F100402855 /* SynthtronTests */,
			);
		};
/* End PBXProject section */

/* Begin PBXResourcesBuildPhase section */
		FF58A27D1EE100F000402855 /* Resources */ = {
			isa = PBXResourcesBuildPhase;
			buildActionMask = 2147483647;
			files = (
				FF0807FC1EE1217000A2F89F /* AudioKit.framework.dSYM in Resources */,
				FF58A28D1EE100F100402855 /* LaunchScreen.storyboard in Resources */,
				FF58A28A1EE100F100402855 /* Assets.xcassets in Resources */,
				FFF5CCDC1EE64658007D39C3 /* RobotoMono-Bold.ttf in Resources */,
				FF58A2881EE100F100402855 /* Main.storyboard in Resources */,
				FFF5CCDA1EE63ED5007D39C3 /* RobotoMono-Medium.ttf in Resources */,
			);
			runOnlyForDeploymentPostprocessing = 0;
		};
		FF58A2911EE100F100402855 /* Resources */ = {
			isa = PBXResourcesBuildPhase;
			buildActionMask = 2147483647;
			files = (
			);
			runOnlyForDeploymentPostprocessing = 0;
		};
/* End PBXResourcesBuildPhase section */

/* Begin PBXSourcesBuildPhase section */
		FF58A27B1EE100F000402855 /* Sources */ = {
			isa = PBXSourcesBuildPhase;
			buildActionMask = 2147483647;
			files = (
				FF58A2851EE100F100402855 /* MainViewController.swift in Sources */,
				FFFA8AC41EE23134003E7093 /* KeyboardView.swift in Sources */,
				FF58A2831EE100F100402855 /* AppDelegate.swift in Sources */,
				FF989A3D1EE1179C00D1148B /* UIColor+Extensions.swift in Sources */,
			);
			runOnlyForDeploymentPostprocessing = 0;
		};
		FF58A28F1EE100F100402855 /* Sources */ = {
			isa = PBXSourcesBuildPhase;
			buildActionMask = 2147483647;
			files = (
				FF58A2981EE100F100402855 /* SynthtronTests.swift in Sources */,
			);
			runOnlyForDeploymentPostprocessing = 0;
		};
/* End PBXSourcesBuildPhase section */

/* Begin PBXTargetDependency section */
		FF58A2951EE100F100402855 /* PBXTargetDependency */ = {
			isa = PBXTargetDependency;
			target = FF58A27E1EE100F000402855 /* Synthtron */;
			targetProxy = FF58A2941EE100F100402855 /* PBXContainerItemProxy */;
		};
/* End PBXTargetDependency section */

/* Begin PBXVariantGroup section */
		FF58A2861EE100F100402855 /* Main.storyboard */ = {
			isa = PBXVariantGroup;
			children = (
				FF58A2871EE100F100402855 /* Base */,
			);
			name = Main.storyboard;
			sourceTree = "<group>";
		};
		FF58A28B1EE100F100402855 /* LaunchScreen.storyboard */ = {
			isa = PBXVariantGroup;
			children = (
				FF58A28C1EE100F100402855 /* Base */,
			);
			name = LaunchScreen.storyboard;
			sourceTree = "<group>";
		};
/* End PBXVariantGroup section */

/* Begin XCBuildConfiguration section */
		FF58A29A1EE100F100402855 /* Debug */ = {
			isa = XCBuildConfiguration;
			buildSettings = {
				ALWAYS_SEARCH_USER_PATHS = NO;
				CLANG_ANALYZER_NONNULL = YES;
				CLANG_ANALYZER_NUMBER_OBJECT_CONVERSION = YES_AGGRESSIVE;
				CLANG_CXX_LANGUAGE_STANDARD = "gnu++0x";
				CLANG_CXX_LIBRARY = "libc++";
				CLANG_ENABLE_MODULES = YES;
				CLANG_ENABLE_OBJC_ARC = YES;
				CLANG_WARN_BOOL_CONVERSION = YES;
				CLANG_WARN_CONSTANT_CONVERSION = YES;
				CLANG_WARN_DIRECT_OBJC_ISA_USAGE = YES_ERROR;
				CLANG_WARN_DOCUMENTATION_COMMENTS = YES;
				CLANG_WARN_EMPTY_BODY = YES;
				CLANG_WARN_ENUM_CONVERSION = YES;
				CLANG_WARN_INFINITE_RECURSION = YES;
				CLANG_WARN_INT_CONVERSION = YES;
				CLANG_WARN_OBJC_ROOT_CLASS = YES_ERROR;
				CLANG_WARN_SUSPICIOUS_MOVE = YES;
				CLANG_WARN_UNREACHABLE_CODE = YES;
				CLANG_WARN__DUPLICATE_METHOD_MATCH = YES;
				"CODE_SIGN_IDENTITY[sdk=iphoneos*]" = "iPhone Developer";
				COPY_PHASE_STRIP = NO;
				DEBUG_INFORMATION_FORMAT = dwarf;
				ENABLE_STRICT_OBJC_MSGSEND = YES;
				ENABLE_TESTABILITY = YES;
				GCC_C_LANGUAGE_STANDARD = gnu99;
				GCC_DYNAMIC_NO_PIC = NO;
				GCC_NO_COMMON_BLOCKS = YES;
				GCC_OPTIMIZATION_LEVEL = 0;
				GCC_PREPROCESSOR_DEFINITIONS = (
					"DEBUG=1",
					"$(inherited)",
				);
				GCC_WARN_64_TO_32_BIT_CONVERSION = YES;
				GCC_WARN_ABOUT_RETURN_TYPE = YES_ERROR;
				GCC_WARN_UNDECLARED_SELECTOR = YES;
				GCC_WARN_UNINITIALIZED_AUTOS = YES_AGGRESSIVE;
				GCC_WARN_UNUSED_FUNCTION = YES;
				GCC_WARN_UNUSED_VARIABLE = YES;
				IPHONEOS_DEPLOYMENT_TARGET = 10.3;
				MTL_ENABLE_DEBUG_INFO = YES;
				ONLY_ACTIVE_ARCH = YES;
				SDKROOT = iphoneos;
				SWIFT_ACTIVE_COMPILATION_CONDITIONS = DEBUG;
				SWIFT_OPTIMIZATION_LEVEL = "-Onone";
				TARGETED_DEVICE_FAMILY = "1,2";
			};
			name = Debug;
		};
		FF58A29B1EE100F100402855 /* Release */ = {
			isa = XCBuildConfiguration;
			buildSettings = {
				ALWAYS_SEARCH_USER_PATHS = NO;
				CLANG_ANALYZER_NONNULL = YES;
				CLANG_ANALYZER_NUMBER_OBJECT_CONVERSION = YES_AGGRESSIVE;
				CLANG_CXX_LANGUAGE_STANDARD = "gnu++0x";
				CLANG_CXX_LIBRARY = "libc++";
				CLANG_ENABLE_MODULES = YES;
				CLANG_ENABLE_OBJC_ARC = YES;
				CLANG_WARN_BOOL_CONVERSION = YES;
				CLANG_WARN_CONSTANT_CONVERSION = YES;
				CLANG_WARN_DIRECT_OBJC_ISA_USAGE = YES_ERROR;
				CLANG_WARN_DOCUMENTATION_COMMENTS = YES;
				CLANG_WARN_EMPTY_BODY = YES;
				CLANG_WARN_ENUM_CONVERSION = YES;
				CLANG_WARN_INFINITE_RECURSION = YES;
				CLANG_WARN_INT_CONVERSION = YES;
				CLANG_WARN_OBJC_ROOT_CLASS = YES_ERROR;
				CLANG_WARN_SUSPICIOUS_MOVE = YES;
				CLANG_WARN_UNREACHABLE_CODE = YES;
				CLANG_WARN__DUPLICATE_METHOD_MATCH = YES;
				"CODE_SIGN_IDENTITY[sdk=iphoneos*]" = "iPhone Developer";
				COPY_PHASE_STRIP = NO;
				DEBUG_INFORMATION_FORMAT = "dwarf-with-dsym";
				ENABLE_NS_ASSERTIONS = NO;
				ENABLE_STRICT_OBJC_MSGSEND = YES;
				GCC_C_LANGUAGE_STANDARD = gnu99;
				GCC_NO_COMMON_BLOCKS = YES;
				GCC_WARN_64_TO_32_BIT_CONVERSION = YES;
				GCC_WARN_ABOUT_RETURN_TYPE = YES_ERROR;
				GCC_WARN_UNDECLARED_SELECTOR = YES;
				GCC_WARN_UNINITIALIZED_AUTOS = YES_AGGRESSIVE;
				GCC_WARN_UNUSED_FUNCTION = YES;
				GCC_WARN_UNUSED_VARIABLE = YES;
				IPHONEOS_DEPLOYMENT_TARGET = 10.3;
				MTL_ENABLE_DEBUG_INFO = NO;
				SDKROOT = iphoneos;
				SWIFT_OPTIMIZATION_LEVEL = "-Owholemodule";
				TARGETED_DEVICE_FAMILY = "1,2";
				VALIDATE_PRODUCT = YES;
			};
			name = Release;
		};
		FF58A29D1EE100F100402855 /* Debug */ = {
			isa = XCBuildConfiguration;
			buildSettings = {
				ASSETCATALOG_COMPILER_APPICON_NAME = AppIcon;
				DEVELOPMENT_TEAM = 3D926V5A83;
				FRAMEWORK_SEARCH_PATHS = (
					"$(inherited)",
					"$(PROJECT_DIR)/Libraries/AudioKit",
				);
				INFOPLIST_FILE = Synthtron/Info.plist;
				LD_RUNPATH_SEARCH_PATHS = "$(inherited) @executable_path/Frameworks";
				PRODUCT_BUNDLE_IDENTIFIER = co.kylestewart.synthtron.Synthtron;
				PRODUCT_NAME = "$(TARGET_NAME)";
				SWIFT_VERSION = 3.0;
			};
			name = Debug;
		};
		FF58A29E1EE100F100402855 /* Release */ = {
			isa = XCBuildConfiguration;
			buildSettings = {
				ASSETCATALOG_COMPILER_APPICON_NAME = AppIcon;
				DEVELOPMENT_TEAM = 3D926V5A83;
				FRAMEWORK_SEARCH_PATHS = (
					"$(inherited)",
					"$(PROJECT_DIR)/Libraries/AudioKit",
				);
				INFOPLIST_FILE = Synthtron/Info.plist;
				LD_RUNPATH_SEARCH_PATHS = "$(inherited) @executable_path/Frameworks";
				PRODUCT_BUNDLE_IDENTIFIER = co.kylestewart.synthtron.Synthtron;
				PRODUCT_NAME = "$(TARGET_NAME)";
				SWIFT_VERSION = 3.0;
			};
			name = Release;
		};
		FF58A2A01EE100F100402855 /* Debug */ = {
			isa = XCBuildConfiguration;
			buildSettings = {
				ALWAYS_EMBED_SWIFT_STANDARD_LIBRARIES = YES;
				BUNDLE_LOADER = "$(TEST_HOST)";
				DEVELOPMENT_TEAM = 3D926V5A83;
				INFOPLIST_FILE = SynthtronTests/Info.plist;
				LD_RUNPATH_SEARCH_PATHS = "$(inherited) @executable_path/Frameworks @loader_path/Frameworks";
				PRODUCT_BUNDLE_IDENTIFIER = co.kylestewart.synthtron.SynthtronTests;
				PRODUCT_NAME = "$(TARGET_NAME)";
				SWIFT_VERSION = 3.0;
				TEST_HOST = "$(BUILT_PRODUCTS_DIR)/Synthtron.app/Synthtron";
			};
			name = Debug;
		};
		FF58A2A11EE100F100402855 /* Release */ = {
			isa = XCBuildConfiguration;
			buildSettings = {
				ALWAYS_EMBED_SWIFT_STANDARD_LIBRARIES = YES;
				BUNDLE_LOADER = "$(TEST_HOST)";
				DEVELOPMENT_TEAM = 3D926V5A83;
				INFOPLIST_FILE = SynthtronTests/Info.plist;
				LD_RUNPATH_SEARCH_PATHS = "$(inherited) @executable_path/Frameworks @loader_path/Frameworks";
				PRODUCT_BUNDLE_IDENTIFIER = co.kylestewart.synthtron.SynthtronTests;
				PRODUCT_NAME = "$(TARGET_NAME)";
				SWIFT_VERSION = 3.0;
				TEST_HOST = "$(BUILT_PRODUCTS_DIR)/Synthtron.app/Synthtron";
			};
			name = Release;
		};
/* End XCBuildConfiguration section */

/* Begin XCConfigurationList section */
		FF58A27A1EE100F000402855 /* Build configuration list for PBXProject "Synthtron" */ = {
			isa = XCConfigurationList;
			buildConfigurations = (
				FF58A29A1EE100F100402855 /* Debug */,
				FF58A29B1EE100F100402855 /* Release */,
			);
			defaultConfigurationIsVisible = 0;
			defaultConfigurationName = Release;
		};
		FF58A29C1EE100F100402855 /* Build configuration list for PBXNativeTarget "Synthtron" */ = {
			isa = XCConfigurationList;
			buildConfigurations = (
				FF58A29D1EE100F100402855 /* Debug */,
				FF58A29E1EE100F100402855 /* Release */,
			);
			defaultConfigurationIsVisible = 0;
			defaultConfigurationName = Release;
		};
		FF58A29F1EE100F100402855 /* Build configuration list for PBXNativeTarget "SynthtronTests" */ = {
			isa = XCConfigurationList;
			buildConfigurations = (
				FF58A2A01EE100F100402855 /* Debug */,
				FF58A2A11EE100F100402855 /* Release */,
			);
			defaultConfigurationIsVisible = 0;
			defaultConfigurationName = Release;
		};
/* End XCConfigurationList section */
	};
	rootObject = FF58A2771EE100F000402855 /* Project object */;
}
